
Microsoft Visual Studio Solution File, Format Version 12.00
Project("{FAE04EC0-301F-11D3-BF4B-00C04F79EFBC}") = "FinTrack.Api", "FinTrack.Api\FinTrack.Api.csproj", "{8385B6E8-8271-49D3-9D8A-DDFB4E6B1126}"
EndProject
Global
	GlobalSection(SolutionConfigurationPlatforms) = preSolution
		Debug|Any CPU = Debug|Any CPU
		Release|Any CPU = Release|Any CPU
	EndGlobalSection
	GlobalSection(ProjectConfigurationPlatforms) = postSolution
		{8385B6E8-8271-49D3-9D8A-DDFB4E6B1126}.Debug|Any CPU.ActiveCfg = Debug|Any CPU
		{8385B6E8-8271-49D3-9D8A-DDFB4E6B1126}.Debug|Any CPU.Build.0 = Debug|Any CPU
		{8385B6E8-8271-49D3-9D8A-DDFB4E6B1126}.Release|Any CPU.ActiveCfg = Release|Any CPU
		{8385B6E8-8271-49D3-9D8A-DDFB4E6B1126}.Release|Any CPU.Build.0 = Release|Any CPU
	EndGlobalSection
EndGlobal
